# This file is autogenerated, do not edit; changes may be undone by the next 'dep ensure'.


[[projects]]
  branch = "master"
  name = "github.com/blakesmith/ar"
  packages = ["."]
  revision = "83930f3583bc95a61f1aef98979c0a73148bb9fb"
  source = "https://github.com/RIscRIpt/ar.git"

[solve-meta]
  analyzer-name = "dep"
  analyzer-version = 1
  inputs-digest = "3abac85acfc13705ae5fae2e8e573040468636fd2eb3feba99d65f0c14df3ce8"
  solver-name = "gps-cdcl"
  solver-version = 1
